
Microsoft Visual Studio Solution File, Format Version 12.00
# Visual Studio Version 16
VisualStudioVersion = 16.0.31727.386
MinimumVisualStudioVersion = 10.0.40219.1
Project("{FAE04EC0-301F-11D3-BF4B-00C04F79EFBC}") = "Space Shooter Game", "Space Shooter Game\Space Shooter Game.csproj", "{AE19370F-D6A8-4681-A508-E2CD8AFFCBF2}"
EndProject
Global
	GlobalSection(SolutionConfigurationPlatforms) = preSolution
		Debug|Any CPU = Debug|Any CPU
		Release|Any CPU = Release|Any CPU
	EndGlobalSection
	GlobalSection(ProjectConfigurationPlatforms) = postSolution
		{AE19370F-D6A8-4681-A508-E2CD8AFFCBF2}.Debug|Any CPU.ActiveCfg = Debug|Any CPU
		{AE19370F-D6A8-4681-A508-E2CD8AFFCBF2}.Debug|Any CPU.Build.0 = Debug|Any CPU
		{AE19370F-D6A8-4681-A508-E2CD8AFFCBF2}.Release|Any CPU.ActiveCfg = Release|Any CPU
		{AE19370F-D6A8-4681-A508-E2CD8AFFCBF2}.Release|Any CPU.Build.0 = Release|Any CPU
	EndGlobalSection
	GlobalSection(SolutionProperties) = preSolution
		HideSolutionNode = FALSE
	EndGlobalSection
	GlobalSection(ExtensibilityGlobals) = postSolution
		SolutionGuid = {F27C30C0-6730-4291-96B2-98309DD915FA}
	EndGlobalSection
EndGlobal
